
Microsoft Visual Studio Solution File, Format Version 12.00
# Visual Studio Version 16
VisualStudioVersion = 16.0.29230.47
MinimumVisualStudioVersion = 10.0.40219.1
Project("{888888A0-9F3D-457C-B088-3A5042F75D52}") = "rFactor2-VCR-format", "rFactor2-VCR-format.pyproj", "{D2059F20-1DD5-4933-BF2D-859741B5267A}"
EndProject
Global
	GlobalSection(SolutionConfigurationPlatforms) = preSolution
		Debug|Any CPU = Debug|Any CPU
		Release|Any CPU = Release|Any CPU
	EndGlobalSection
	GlobalSection(ProjectConfigurationPlatforms) = postSolution
		{D2059F20-1DD5-4933-BF2D-859741B5267A}.Debug|Any CPU.ActiveCfg = Debug|Any CPU
		{D2059F20-1DD5-4933-BF2D-859741B5267A}.Release|Any CPU.ActiveCfg = Release|Any CPU
	EndGlobalSection
	GlobalSection(SolutionProperties) = preSolution
		HideSolutionNode = FALSE
	EndGlobalSection
	GlobalSection(ExtensibilityGlobals) = postSolution
		SolutionGuid = {81758E35-E032-41C3-9A56-B14E8DB92730}
	EndGlobalSection
EndGlobal
